// !$*UTF8*$!
{
	archiveVersion = 1;
	classes = {
	};
	objectVersion = 56;
	objects = {

/* Begin PBXBuildFile section */
		83D4E09C29658CF4005145AB /* CirclePongApp.swift in Sources */ = {isa = PBXBuildFile; fileRef = 83D4E09B29658CF4005145AB /* CirclePongApp.swift */; };
		83D4E09E29658CF4005145AB /* ContentView.swift in Sources */ = {isa = PBXBuildFile; fileRef = 83D4E09D29658CF4005145AB /* ContentView.swift */; };
		83D4E0A029658CF6005145AB /* Assets.xcassets in Resources */ = {isa = PBXBuildFile; fileRef = 83D4E09F29658CF6005145AB /* Assets.xcassets */; };
		83D4E0A429658CF6005145AB /* Preview Assets.xcassets in Resources */ = {isa = PBXBuildFile; fileRef = 83D4E0A329658CF6005145AB /* Preview Assets.xcassets */; };
		83D4E0AE29658CF6005145AB /* CirclePongTests.swift in Sources */ = {isa = PBXBuildFile; fileRef = 83D4E0AD29658CF6005145AB /* CirclePongTests.swift */; };
		83D4E0B829658CF6005145AB /* CirclePongUITests.swift in Sources */ = {isa = PBXBuildFile; fileRef = 83D4E0B729658CF6005145AB /* CirclePongUITests.swift */; };
		83D4E0BA29658CF6005145AB /* CirclePongUITestsLaunchTests.swift in Sources */ = {isa = PBXBuildFile; fileRef = 83D4E0B929658CF6005145AB /* CirclePongUITestsLaunchTests.swift */; };
/* End PBXBuildFile section */

/* Begin PBXContainerItemProxy section */
		83D4E0AA29658CF6005145AB /* PBXContainerItemProxy */ = {
			isa = PBXContainerItemProxy;
			containerPortal = 83D4E09029658CF4005145AB /* Project object */;
			proxyType = 1;
			remoteGlobalIDString = 83D4E09729658CF4005145AB;
			remoteInfo = CirclePong;
		};
		83D4E0B429658CF6005145AB /* PBXContainerItemProxy */ = {
			isa = PBXContainerItemProxy;
			containerPortal = 83D4E09029658CF4005145AB /* Project object */;
			proxyType = 1;
			remoteGlobalIDString = 83D4E09729658CF4005145AB;
			remoteInfo = CirclePong;
		};
/* End PBXContainerItemProxy section */

/* Begin PBXFileReference section */
		83D4E09829658CF4005145AB /* CirclePong.app */ = {isa = PBXFileReference; explicitFileType = wrapper.application; includeInIndex = 0; path = CirclePong.app; sourceTree = BUILT_PRODUCTS_DIR; };
		83D4E09B29658CF4005145AB /* CirclePongApp.swift */ = {isa = PBXFileReference; lastKnownFileType = sourcecode.swift; path = CirclePongApp.swift; sourceTree = "<group>"; };
		83D4E09D29658CF4005145AB /* ContentView.swift */ = {isa = PBXFileReference; lastKnownFileType = sourcecode.swift; path = ContentView.swift; sourceTree = "<group>"; };
		83D4E09F29658CF6005145AB /* Assets.xcassets */ = {isa = PBXFileReference; lastKnownFileType = folder.assetcatalog; path = Assets.xcassets; sourceTree = "<group>"; };
		83D4E0A129658CF6005145AB /* CirclePong.entitlements */ = {isa = PBXFileReference; lastKnownFileType = text.plist.entitlements; path = CirclePong.entitlements; sourceTree = "<group>"; };
		83D4E0A329658CF6005145AB /* Preview Assets.xcassets */ = {isa = PBXFileReference; lastKnownFileType = folder.assetcatalog; path = "Preview Assets.xcassets"; sourceTree = "<group>"; };
		83D4E0A929658CF6005145AB /* CirclePongTests.xctest */ = {isa = PBXFileReference; explicitFileType = wrapper.cfbundle; includeInIndex = 0; path = CirclePongTests.xctest; sourceTree = BUILT_PRODUCTS_DIR; };
		83D4E0AD29658CF6005145AB /* CirclePongTests.swift */ = {isa = PBXFileReference; lastKnownFileType = sourcecode.swift; path = CirclePongTests.swift; sourceTree = "<group>"; };
		83D4E0B329658CF6005145AB /* CirclePongUITests.xctest */ = {isa = PBXFileReference; explicitFileType = wrapper.cfbundle; includeInIndex = 0; path = CirclePongUITests.xctest; sourceTree = BUILT_PRODUCTS_DIR; };
		83D4E0B729658CF6005145AB /* CirclePongUITests.swift */ = {isa = PBXFileReference; lastKnownFileType = sourcecode.swift; path = CirclePongUITests.swift; sourceTree = "<group>"; };
		83D4E0B929658CF6005145AB /* CirclePongUITestsLaunchTests.swift */ = {isa = PBXFileReference; lastKnownFileType = sourcecode.swift; path = CirclePongUITestsLaunchTests.swift; sourceTree = "<group>"; };
/* End PBXFileReference section */

/* Begin PBXFrameworksBuildPhase section */
		83D4E09529658CF4005145AB /* Frameworks */ = {
			isa = PBXFrameworksBuildPhase;
			buildActionMask = 2147483647;
			files = (
			);
			runOnlyForDeploymentPostprocessing = 0;
		};
		83D4E0A629658CF6005145AB /* Frameworks */ = {
			isa = PBXFrameworksBuildPhase;
			buildActionMask = 2147483647;
			files = (
			);
			runOnlyForDeploymentPostprocessing = 0;
		};
		83D4E0B029658CF6005145AB /* Frameworks */ = {
			isa = PBXFrameworksBuildPhase;
			buildActionMask = 2147483647;
			files = (
			);
			runOnlyForDeploymentPostprocessing = 0;
		};
/* End PBXFrameworksBuildPhase section */

/* Begin PBXGroup section */
		83D4E08F29658CF4005145AB = {
			isa = PBXGroup;
			children = (
				83D4E09A29658CF4005145AB /* CirclePong */,
				83D4E0AC29658CF6005145AB /* CirclePongTests */,
				83D4E0B629658CF6005145AB /* CirclePongUITests */,
				83D4E09929658CF4005145AB /* Products */,
			);
			sourceTree = "<group>";
		};
		83D4E09929658CF4005145AB /* Products */ = {
			isa = PBXGroup;
			children = (
				83D4E09829658CF4005145AB /* CirclePong.app */,
				83D4E0A929658CF6005145AB /* CirclePongTests.xctest */,
				83D4E0B329658CF6005145AB /* CirclePongUITests.xctest */,
			);
			name = Products;
			sourceTree = "<group>";
		};
		83D4E09A29658CF4005145AB /* CirclePong */ = {
			isa = PBXGroup;
			children = (
				83D4E09B29658CF4005145AB /* CirclePongApp.swift */,
				83D4E09D29658CF4005145AB /* ContentView.swift */,
				83D4E09F29658CF6005145AB /* Assets.xcassets */,
				83D4E0A129658CF6005145AB /* CirclePong.entitlements */,
				83D4E0A229658CF6005145AB /* Preview Content */,
			);
			path = CirclePong;
			sourceTree = "<group>";
		};
		83D4E0A229658CF6005145AB /* Preview Content */ = {
			isa = PBXGroup;
			children = (
				83D4E0A329658CF6005145AB /* Preview Assets.xcassets */,
			);
			path = "Preview Content";
			sourceTree = "<group>";
		};
		83D4E0AC29658CF6005145AB /* CirclePongTests */ = {
			isa = PBXGroup;
			children = (
				83D4E0AD29658CF6005145AB /* CirclePongTests.swift */,
			);
			path = CirclePongTests;
			sourceTree = "<group>";
		};
		83D4E0B629658CF6005145AB /* CirclePongUITests */ = {
			isa = PBXGroup;
			children = (
				83D4E0B729658CF6005145AB /* CirclePongUITests.swift */,
				83D4E0B929658CF6005145AB /* CirclePongUITestsLaunchTests.swift */,
			);
			path = CirclePongUITests;
			sourceTree = "<group>";
		};
/* End PBXGroup section */

/* Begin PBXNativeTarget section */
		83D4E09729658CF4005145AB /* CirclePong */ = {
			isa = PBXNativeTarget;
			buildConfigurationList = 83D4E0BD29658CF6005145AB /* Build configuration list for PBXNativeTarget "CirclePong" */;
			buildPhases = (
				83D4E09429658CF4005145AB /* Sources */,
				83D4E09529658CF4005145AB /* Frameworks */,
				83D4E09629658CF4005145AB /* Resources */,
			);
			buildRules = (
			);
			dependencies = (
			);
			name = CirclePong;
			productName = CirclePong;
			productReference = 83D4E09829658CF4005145AB /* CirclePong.app */;
			productType = "com.apple.product-type.application";
		};
		83D4E0A829658CF6005145AB /* CirclePongTests */ = {
			isa = PBXNativeTarget;
			buildConfigurationList = 83D4E0C029658CF6005145AB /* Build configuration list for PBXNativeTarget "CirclePongTests" */;
			buildPhases = (
				83D4E0A529658CF6005145AB /* Sources */,
				83D4E0A629658CF6005145AB /* Frameworks */,
				83D4E0A729658CF6005145AB /* Resources */,
			);
			buildRules = (
			);
			dependencies = (
				83D4E0AB29658CF6005145AB /* PBXTargetDependency */,
			);
			name = CirclePongTests;
			productName = CirclePongTests;
			productReference = 83D4E0A929658CF6005145AB /* CirclePongTests.xctest */;
			productType = "com.apple.product-type.bundle.unit-test";
		};
		83D4E0B229658CF6005145AB /* CirclePongUITests */ = {
			isa = PBXNativeTarget;
			buildConfigurationList = 83D4E0C329658CF6005145AB /* Build configuration list for PBXNativeTarget "CirclePongUITests" */;
			buildPhases = (
				83D4E0AF29658CF6005145AB /* Sources */,
				83D4E0B029658CF6005145AB /* Frameworks */,
				83D4E0B129658CF6005145AB /* Resources */,
			);
			buildRules = (
			);
			dependencies = (
				83D4E0B529658CF6005145AB /* PBXTargetDependency */,
			);
			name = CirclePongUITests;
			productName = CirclePongUITests;
			productReference = 83D4E0B329658CF6005145AB /* CirclePongUITests.xctest */;
			productType = "com.apple.product-type.bundle.ui-testing";
		};
/* End PBXNativeTarget section */

/* Begin PBXProject section */
		83D4E09029658CF4005145AB /* Project object */ = {
			isa = PBXProject;
			attributes = {
				BuildIndependentTargetsInParallel = 1;
				LastSwiftUpdateCheck = 1400;
				LastUpgradeCheck = 1400;
				TargetAttributes = {
					83D4E09729658CF4005145AB = {
						CreatedOnToolsVersion = 14.0;
					};
					83D4E0A829658CF6005145AB = {
						CreatedOnToolsVersion = 14.0;
						TestTargetID = 83D4E09729658CF4005145AB;
					};
					83D4E0B229658CF6005145AB = {
						CreatedOnToolsVersion = 14.0;
						TestTargetID = 83D4E09729658CF4005145AB;
					};
				};
			};
			buildConfigurationList = 83D4E09329658CF4005145AB /* Build configuration list for PBXProject "CirclePong" */;
			compatibilityVersion = "Xcode 14.0";
			developmentRegion = en;
			hasScannedForEncodings = 0;
			knownRegions = (
				en,
				Base,
			);
			mainGroup = 83D4E08F29658CF4005145AB;
			productRefGroup = 83D4E09929658CF4005145AB /* Products */;
			projectDirPath = "";
			projectRoot = "";
			targets = (
				83D4E09729658CF4005145AB /* CirclePong */,
				83D4E0A829658CF6005145AB /* CirclePongTests */,
				83D4E0B229658CF6005145AB /* CirclePongUITests */,
			);
		};
/* End PBXProject section */

/* Begin PBXResourcesBuildPhase section */
		83D4E09629658CF4005145AB /* Resources */ = {
			isa = PBXResourcesBuildPhase;
			buildActionMask = 2147483647;
			files = (
				83D4E0A429658CF6005145AB /* Preview Assets.xcassets in Resources */,
				83D4E0A029658CF6005145AB /* Assets.xcassets in Resources */,
			);
			runOnlyForDeploymentPostprocessing = 0;
		};
		83D4E0A729658CF6005145AB /* Resources */ = {
			isa = PBXResourcesBuildPhase;
			buildActionMask = 2147483647;
			files = (
			);
			runOnlyForDeploymentPostprocessing = 0;
		};
		83D4E0B129658CF6005145AB /* Resources */ = {
			isa = PBXResourcesBuildPhase;
			buildActionMask = 2147483647;
			files = (
			);
			runOnlyForDeploymentPostprocessing = 0;
		};
/* End PBXResourcesBuildPhase section */

/* Begin PBXSourcesBuildPhase section */
		83D4E09429658CF4005145AB /* Sources */ = {
			isa = PBXSourcesBuildPhase;
			buildActionMask = 2147483647;
			files = (
				83D4E09E29658CF4005145AB /* ContentView.swift in Sources */,
				83D4E09C29658CF4005145AB /* CirclePongApp.swift in Sources */,
			);
			runOnlyForDeploymentPostprocessing = 0;
		};
		83D4E0A529658CF6005145AB /* Sources */ = {
			isa = PBXSourcesBuildPhase;
			buildActionMask = 2147483647;
			files = (
				83D4E0AE29658CF6005145AB /* CirclePongTests.swift in Sources */,
			);
			runOnlyForDeploymentPostprocessing = 0;
		};
		83D4E0AF29658CF6005145AB /* Sources */ = {
			isa = PBXSourcesBuildPhase;
			buildActionMask = 2147483647;
			files = (
				83D4E0BA29658CF6005145AB /* CirclePongUITestsLaunchTests.swift in Sources */,
				83D4E0B829658CF6005145AB /* CirclePongUITests.swift in Sources */,
			);
			runOnlyForDeploymentPostprocessing = 0;
		};
/* End PBXSourcesBuildPhase section */

/* Begin PBXTargetDependency section */
		83D4E0AB29658CF6005145AB /* PBXTargetDependency */ = {
			isa = PBXTargetDependency;
			target = 83D4E09729658CF4005145AB /* CirclePong */;
			targetProxy = 83D4E0AA29658CF6005145AB /* PBXContainerItemProxy */;
		};
		83D4E0B529658CF6005145AB /* PBXTargetDependency */ = {
			isa = PBXTargetDependency;
			target = 83D4E09729658CF4005145AB /* CirclePong */;
			targetProxy = 83D4E0B429658CF6005145AB /* PBXContainerItemProxy */;
		};
/* End PBXTargetDependency section */

/* Begin XCBuildConfiguration section */
		83D4E0BB29658CF6005145AB /* Debug */ = {
			isa = XCBuildConfiguration;
			buildSettings = {
				ALWAYS_SEARCH_USER_PATHS = NO;
				CLANG_ANALYZER_NONNULL = YES;
				CLANG_ANALYZER_NUMBER_OBJECT_CONVERSION = YES_AGGRESSIVE;
				CLANG_CXX_LANGUAGE_STANDARD = "gnu++20";
				CLANG_ENABLE_MODULES = YES;
				CLANG_ENABLE_OBJC_ARC = YES;
				CLANG_ENABLE_OBJC_WEAK = YES;
				CLANG_WARN_BLOCK_CAPTURE_AUTORELEASING = YES;
				CLANG_WARN_BOOL_CONVERSION = YES;
				CLANG_WARN_COMMA = YES;
				CLANG_WARN_CONSTANT_CONVERSION = YES;
				CLANG_WARN_DEPRECATED_OBJC_IMPLEMENTATIONS = YES;
				CLANG_WARN_DIRECT_OBJC_ISA_USAGE = YES_ERROR;
				CLANG_WARN_DOCUMENTATION_COMMENTS = YES;
				CLANG_WARN_EMPTY_BODY = YES;
				CLANG_WARN_ENUM_CONVERSION = YES;
				CLANG_WARN_INFINITE_RECURSION = YES;
				CLANG_WARN_INT_CONVERSION = YES;
				CLANG_WARN_NON_LITERAL_NULL_CONVERSION = YES;
				CLANG_WARN_OBJC_IMPLICIT_RETAIN_SELF = YES;
				CLANG_WARN_OBJC_LITERAL_CONVERSION = YES;
				CLANG_WARN_OBJC_ROOT_CLASS = YES_ERROR;
				CLANG_WARN_QUOTED_INCLUDE_IN_FRAMEWORK_HEADER = YES;
				CLANG_WARN_RANGE_LOOP_ANALYSIS = YES;
				CLANG_WARN_STRICT_PROTOTYPES = YES;
				CLANG_WARN_SUSPICIOUS_MOVE = YES;
				CLANG_WARN_UNGUARDED_AVAILABILITY = YES_AGGRESSIVE;
				CLANG_WARN_UNREACHABLE_CODE = YES;
				CLANG_WARN__DUPLICATE_METHOD_MATCH = YES;
				COPY_PHASE_STRIP = NO;
				DEBUG_INFORMATION_FORMAT = dwarf;
				ENABLE_STRICT_OBJC_MSGSEND = YES;
				ENABLE_TESTABILITY = YES;
				GCC_C_LANGUAGE_STANDARD = gnu11;
				GCC_DYNAMIC_NO_PIC = NO;
				GCC_NO_COMMON_BLOCKS = YES;
				GCC_OPTIMIZATION_LEVEL = 0;
				GCC_PREPROCESSOR_DEFINITIONS = (
					"DEBUG=1",
					"$(inherited)",
				);
				GCC_WARN_64_TO_32_BIT_CONVERSION = YES;
				GCC_WARN_ABOUT_RETURN_TYPE = YES_ERROR;
				GCC_WARN_UNDECLARED_SELECTOR = YES;
				GCC_WARN_UNINITIALIZED_AUTOS = YES_AGGRESSIVE;
				GCC_WARN_UNUSED_FUNCTION = YES;
				GCC_WARN_UNUSED_VARIABLE = YES;
				MTL_ENABLE_DEBUG_INFO = INCLUDE_SOURCE;
				MTL_FAST_MATH = YES;
				ONLY_ACTIVE_ARCH = YES;
				SWIFT_ACTIVE_COMPILATION_CONDITIONS = DEBUG;
				SWIFT_OPTIMIZATION_LEVEL = "-Onone";
			};
			name = Debug;
		};
		83D4E0BC29658CF6005145AB /* Release */ = {
			isa = XCBuildConfiguration;
			buildSettings = {
				ALWAYS_SEARCH_USER_PATHS = NO;
				CLANG_ANALYZER_NONNULL = YES;
				CLANG_ANALYZER_NUMBER_OBJECT_CONVERSION = YES_AGGRESSIVE;
				CLANG_CXX_LANGUAGE_STANDARD = "gnu++20";
				CLANG_ENABLE_MODULES = YES;
				CLANG_ENABLE_OBJC_ARC = YES;
				CLANG_ENABLE_OBJC_WEAK = YES;
				CLANG_WARN_BLOCK_CAPTURE_AUTORELEASING = YES;
				CLANG_WARN_BOOL_CONVERSION = YES;
				CLANG_WARN_COMMA = YES;
				CLANG_WARN_CONSTANT_CONVERSION = YES;
				CLANG_WARN_DEPRECATED_OBJC_IMPLEMENTATIONS = YES;
				CLANG_WARN_DIRECT_OBJC_ISA_USAGE = YES_ERROR;
				CLANG_WARN_DOCUMENTATION_COMMENTS = YES;
				CLANG_WARN_EMPTY_BODY = YES;
				CLANG_WARN_ENUM_CONVERSION = YES;
				CLANG_WARN_INFINITE_RECURSION = YES;
				CLANG_WARN_INT_CONVERSION = YES;
				CLANG_WARN_NON_LITERAL_NULL_CONVERSION = YES;
				CLANG_WARN_OBJC_IMPLICIT_RETAIN_SELF = YES;
				CLANG_WARN_OBJC_LITERAL_CONVERSION = YES;
				CLANG_WARN_OBJC_ROOT_CLASS = YES_ERROR;
				CLANG_WARN_QUOTED_INCLUDE_IN_FRAMEWORK_HEADER = YES;
				CLANG_WARN_RANGE_LOOP_ANALYSIS = YES;
				CLANG_WARN_STRICT_PROTOTYPES = YES;
				CLANG_WARN_SUSPICIOUS_MOVE = YES;
				CLANG_WARN_UNGUARDED_AVAILABILITY = YES_AGGRESSIVE;
				CLANG_WARN_UNREACHABLE_CODE = YES;
				CLANG_WARN__DUPLICATE_METHOD_MATCH = YES;
				COPY_PHASE_STRIP = NO;
				DEBUG_INFORMATION_FORMAT = "dwarf-with-dsym";
				ENABLE_NS_ASSERTIONS = NO;
				ENABLE_STRICT_OBJC_MSGSEND = YES;
				GCC_C_LANGUAGE_STANDARD = gnu11;
				GCC_NO_COMMON_BLOCKS = YES;
				GCC_WARN_64_TO_32_BIT_CONVERSION = YES;
				GCC_WARN_ABOUT_RETURN_TYPE = YES_ERROR;
				GCC_WARN_UNDECLARED_SELECTOR = YES;
				GCC_WARN_UNINITIALIZED_AUTOS = YES_AGGRESSIVE;
				GCC_WARN_UNUSED_FUNCTION = YES;
				GCC_WARN_UNUSED_VARIABLE = YES;
				MTL_ENABLE_DEBUG_INFO = NO;
				MTL_FAST_MATH = YES;
				SWIFT_COMPILATION_MODE = wholemodule;
				SWIFT_OPTIMIZATION_LEVEL = "-O";
			};
			name = Release;
		};
		83D4E0BE29658CF6005145AB /* Debug */ = {
			isa = XCBuildConfiguration;
			buildSettings = {
				ASSETCATALOG_COMPILER_APPICON_NAME = AppIcon;
				ASSETCATALOG_COMPILER_GLOBAL_ACCENT_COLOR_NAME = AccentColor;
				CODE_SIGN_ENTITLEMENTS = CirclePong/CirclePong.entitlements;
				CODE_SIGN_STYLE = Automatic;
				CURRENT_PROJECT_VERSION = 1;
				DEVELOPMENT_ASSET_PATHS = "\"CirclePong/Preview Content\"";
				DEVELOPMENT_TEAM = LNUF2BP3L6;
				ENABLE_HARDENED_RUNTIME = YES;
				ENABLE_PREVIEWS = YES;
				GENERATE_INFOPLIST_FILE = YES;
				"INFOPLIST_KEY_UIApplicationSceneManifest_Generation[sdk=iphoneos*]" = YES;
				"INFOPLIST_KEY_UIApplicationSceneManifest_Generation[sdk=iphonesimulator*]" = YES;
				"INFOPLIST_KEY_UIApplicationSupportsIndirectInputEvents[sdk=iphoneos*]" = YES;
				"INFOPLIST_KEY_UIApplicationSupportsIndirectInputEvents[sdk=iphonesimulator*]" = YES;
				"INFOPLIST_KEY_UILaunchScreen_Generation[sdk=iphoneos*]" = YES;
				"INFOPLIST_KEY_UILaunchScreen_Generation[sdk=iphonesimulator*]" = YES;
				"INFOPLIST_KEY_UIStatusBarStyle[sdk=iphoneos*]" = UIStatusBarStyleDefault;
				"INFOPLIST_KEY_UIStatusBarStyle[sdk=iphonesimulator*]" = UIStatusBarStyleDefault;
				INFOPLIST_KEY_UISupportedInterfaceOrientations_iPad = "UIInterfaceOrientationPortrait UIInterfaceOrientationPortraitUpsideDown UIInterfaceOrientationLandscapeLeft UIInterfaceOrientationLandscapeRight";
				INFOPLIST_KEY_UISupportedInterfaceOrientations_iPhone = "UIInterfaceOrientationPortrait UIInterfaceOrientationLandscapeLeft UIInterfaceOrientationLandscapeRight";
				IPHONEOS_DEPLOYMENT_TARGET = 16.0;
				LD_RUNPATH_SEARCH_PATHS = "@executable_path/Frameworks";
				"LD_RUNPATH_SEARCH_PATHS[sdk=macosx*]" = "@executable_path/../Frameworks";
				MACOSX_DEPLOYMENT_TARGET = 12.3;
				MARKETING_VERSION = 1.0;
				PRODUCT_BUNDLE_IDENTIFIER = theslope.com.CirclePong;
				PRODUCT_NAME = "$(TARGET_NAME)";
				SDKROOT = auto;
				SUPPORTED_PLATFORMS = "iphoneos iphonesimulator macosx";
				SWIFT_EMIT_LOC_STRINGS = YES;
				SWIFT_VERSION = 5.0;
				TARGETED_DEVICE_FAMILY = "1,2";
			};
			name = Debug;
		};
		83D4E0BF29658CF6005145AB /* Release */ = {
			isa = XCBuildConfiguration;
			buildSettings = {
				ASSETCATALOG_COMPILER_APPICON_NAME = AppIcon;
				ASSETCATALOG_COMPILER_GLOBAL_ACCENT_COLOR_NAME = AccentColor;
				CODE_SIGN_ENTITLEMENTS = CirclePong/CirclePong.entitlements;
				CODE_SIGN_STYLE = Automatic;
				CURRENT_PROJECT_VERSION = 1;
				DEVELOPMENT_ASSET_PATHS = "\"CirclePong/Preview Content\"";
				DEVELOPMENT_TEAM = LNUF2BP3L6;
				ENABLE_HARDENED_RUNTIME = YES;
				ENABLE_PREVIEWS = YES;
				GENERATE_INFOPLIST_FILE = YES;
				"INFOPLIST_KEY_UIApplicationSceneManifest_Generation[sdk=iphoneos*]" = YES;
				"INFOPLIST_KEY_UIApplicationSceneManifest_Generation[sdk=iphonesimulator*]" = YES;
				"INFOPLIST_KEY_UIApplicationSupportsIndirectInputEvents[sdk=iphoneos*]" = YES;
				"INFOPLIST_KEY_UIApplicationSupportsIndirectInputEvents[sdk=iphonesimulator*]" = YES;
				"INFOPLIST_KEY_UILaunchScreen_Generation[sdk=iphoneos*]" = YES;
				"INFOPLIST_KEY_UILaunchScreen_Generation[sdk=iphonesimulator*]" = YES;
				"INFOPLIST_KEY_UIStatusBarStyle[sdk=iphoneos*]" = UIStatusBarStyleDefault;
				"INFOPLIST_KEY_UIStatusBarStyle[sdk=iphonesimulator*]" = UIStatusBarStyleDefault;
				INFOPLIST_KEY_UISupportedInterfaceOrientations_iPad = "UIInterfaceOrientationPortrait UIInterfaceOrientationPortraitUpsideDown UIInterfaceOrientationLandscapeLeft UIInterfaceOrientationLandscapeRight";
				INFOPLIST_KEY_UISupportedInterfaceOrientations_iPhone = "UIInterfaceOrientationPortrait UIInterfaceOrientationLandscapeLeft UIInterfaceOrientationLandscapeRight";
				IPHONEOS_DEPLOYMENT_TARGET = 16.0;
				LD_RUNPATH_SEARCH_PATHS = "@executable_path/Frameworks";
				"LD_RUNPATH_SEARCH_PATHS[sdk=macosx*]" = "@executable_path/../Frameworks";
				MACOSX_DEPLOYMENT_TARGET = 12.3;
				MARKETING_VERSION = 1.0;
				PRODUCT_BUNDLE_IDENTIFIER = theslope.com.CirclePong;
				PRODUCT_NAME = "$(TARGET_NAME)";
				SDKROOT = auto;
				SUPPORTED_PLATFORMS = "iphoneos iphonesimulator macosx";
				SWIFT_EMIT_LOC_STRINGS = YES;
				SWIFT_VERSION = 5.0;
				TARGETED_DEVICE_FAMILY = "1,2";
			};
			name = Release;
		};
		83D4E0C129658CF6005145AB /* Debug */ = {
			isa = XCBuildConfiguration;
			buildSettings = {
				ALWAYS_EMBED_SWIFT_STANDARD_LIBRARIES = YES;
				BUNDLE_LOADER = "$(TEST_HOST)";
				CODE_SIGN_STYLE = Automatic;
				CURRENT_PROJECT_VERSION = 1;
				DEVELOPMENT_TEAM = LNUF2BP3L6;
				GENERATE_INFOPLIST_FILE = YES;
				IPHONEOS_DEPLOYMENT_TARGET = 16.0;
				MACOSX_DEPLOYMENT_TARGET = 12.3;
				MARKETING_VERSION = 1.0;
				PRODUCT_BUNDLE_IDENTIFIER = theslope.com.CirclePongTests;
				PRODUCT_NAME = "$(TARGET_NAME)";
				SDKROOT = auto;
				SUPPORTED_PLATFORMS = "iphoneos iphonesimulator macosx";
				SWIFT_EMIT_LOC_STRINGS = NO;
				SWIFT_VERSION = 5.0;
				TARGETED_DEVICE_FAMILY = "1,2";
				TEST_HOST = "$(BUILT_PRODUCTS_DIR)/CirclePong.app/$(BUNDLE_EXECUTABLE_FOLDER_PATH)/CirclePong";
			};
			name = Debug;
		};
		83D4E0C229658CF6005145AB /* Release */ = {
			isa = XCBuildConfiguration;
			buildSettings = {
				ALWAYS_EMBED_SWIFT_STANDARD_LIBRARIES = YES;
				BUNDLE_LOADER = "$(TEST_HOST)";
				CODE_SIGN_STYLE = Automatic;
				CURRENT_PROJECT_VERSION = 1;
				DEVELOPMENT_TEAM = LNUF2BP3L6;
				GENERATE_INFOPLIST_FILE = YES;
				IPHONEOS_DEPLOYMENT_TARGET = 16.0;
				MACOSX_DEPLOYMENT_TARGET = 12.3;
				MARKETING_VERSION = 1.0;
				PRODUCT_BUNDLE_IDENTIFIER = theslope.com.CirclePongTests;
				PRODUCT_NAME = "$(TARGET_NAME)";
				SDKROOT = auto;
				SUPPORTED_PLATFORMS = "iphoneos iphonesimulator macosx";
				SWIFT_EMIT_LOC_STRINGS = NO;
				SWIFT_VERSION = 5.0;
				TARGETED_DEVICE_FAMILY = "1,2";
				TEST_HOST = "$(BUILT_PRODUCTS_DIR)/CirclePong.app/$(BUNDLE_EXECUTABLE_FOLDER_PATH)/CirclePong";
			};
			name = Release;
		};
		83D4E0C429658CF6005145AB /* Debug */ = {
			isa = XCBuildConfiguration;
			buildSettings = {
				ALWAYS_EMBED_SWIFT_STANDARD_LIBRARIES = YES;
				CODE_SIGN_STYLE = Automatic;
				CURRENT_PROJECT_VERSION = 1;
				DEVELOPMENT_TEAM = LNUF2BP3L6;
				GENERATE_INFOPLIST_FILE = YES;
				IPHONEOS_DEPLOYMENT_TARGET = 16.0;
				MACOSX_DEPLOYMENT_TARGET = 12.3;
				MARKETING_VERSION = 1.0;
				PRODUCT_BUNDLE_IDENTIFIER = theslope.com.CirclePongUITests;
				PRODUCT_NAME = "$(TARGET_NAME)";
				SDKROOT = auto;
				SUPPORTED_PLATFORMS = "iphoneos iphonesimulator macosx";
				SWIFT_EMIT_LOC_STRINGS = NO;
				SWIFT_VERSION = 5.0;
				TARGETED_DEVICE_FAMILY = "1,2";
				TEST_TARGET_NAME = CirclePong;
			};
			name = Debug;
		};
		83D4E0C529658CF6005145AB /* Release */ = {
			isa = XCBuildConfiguration;
			buildSettings = {
				ALWAYS_EMBED_SWIFT_STANDARD_LIBRARIES = YES;
				CODE_SIGN_STYLE = Automatic;
				CURRENT_PROJECT_VERSION = 1;
				DEVELOPMENT_TEAM = LNUF2BP3L6;
				GENERATE_INFOPLIST_FILE = YES;
				IPHONEOS_DEPLOYMENT_TARGET = 16.0;
				MACOSX_DEPLOYMENT_TARGET = 12.3;
				MARKETING_VERSION = 1.0;
				PRODUCT_BUNDLE_IDENTIFIER = theslope.com.CirclePongUITests;
				PRODUCT_NAME = "$(TARGET_NAME)";
				SDKROOT = auto;
				SUPPORTED_PLATFORMS = "iphoneos iphonesimulator macosx";
				SWIFT_EMIT_LOC_STRINGS = NO;
				SWIFT_VERSION = 5.0;
				TARGETED_DEVICE_FAMILY = "1,2";
				TEST_TARGET_NAME = CirclePong;
			};
			name = Release;
		};
/* End XCBuildConfiguration section */

/* Begin XCConfigurationList section */
		83D4E09329658CF4005145AB /* Build configuration list for PBXProject "CirclePong" */ = {
			isa = XCConfigurationList;
			buildConfigurations = (
				83D4E0BB29658CF6005145AB /* Debug */,
				83D4E0BC29658CF6005145AB /* Release */,
			);
			defaultConfigurationIsVisible = 0;
			defaultConfigurationName = Release;
		};
		83D4E0BD29658CF6005145AB /* Build configuration list for PBXNativeTarget "CirclePong" */ = {
			isa = XCConfigurationList;
			buildConfigurations = (
				83D4E0BE29658CF6005145AB /* Debug */,
				83D4E0BF29658CF6005145AB /* Release */,
			);
			defaultConfigurationIsVisible = 0;
			defaultConfigurationName = Release;
		};
		83D4E0C029658CF6005145AB /* Build configuration list for PBXNativeTarget "CirclePongTests" */ = {
			isa = XCConfigurationList;
			buildConfigurations = (
				83D4E0C129658CF6005145AB /* Debug */,
				83D4E0C229658CF6005145AB /* Release */,
			);
			defaultConfigurationIsVisible = 0;
			defaultConfigurationName = Release;
		};
		83D4E0C329658CF6005145AB /* Build configuration list for PBXNativeTarget "CirclePongUITests" */ = {
			isa = XCConfigurationList;
			buildConfigurations = (
				83D4E0C429658CF6005145AB /* Debug */,
				83D4E0C529658CF6005145AB /* Release */,
			);
			defaultConfigurationIsVisible = 0;
			defaultConfigurationName = Release;
		};
/* End XCConfigurationList section */
	};
	rootObject = 83D4E09029658CF4005145AB /* Project object */;
}
